
Microsoft Visual Studio Solution File, Format Version 12.00
# Visual Studio Version 17
VisualStudioVersion = 17.1.32328.378
MinimumVisualStudioVersion = 10.0.40219.1
Project("{9A19103F-16F7-4668-BE54-9A1E7A4F7556}") = "FontStashSharp.FNA.Core", "..\FontStashSharp\src\XNA\FontStashSharp.FNA.Core.csproj", "{134585FE-954C-44A1-96CC-739E528E788D}"
EndProject
Project("{9A19103F-16F7-4668-BE54-9A1E7A4F7556}") = "Myra.FNA.Core", "..\Myra\src\Myra\Myra.FNA.Core.csproj", "{84611809-ACEC-4D88-814F-E9EFF8DF6459}"
EndProject
Project("{9A19103F-16F7-4668-BE54-9A1E7A4F7556}") = "XNAssets.FNA.Core", "..\XNAssets\src\XNAssets.FNA.Core.csproj", "{76F4A57C-7983-40E6-8307-F251EC0BBF3C}"
EndProject
Project("{9A19103F-16F7-4668-BE54-9A1E7A4F7556}") = "Nursia.FNA.Core", "Nursia\Nursia.FNA.Core.csproj", "{500DF567-1A03-4ADE-8BFF-818A5E2DC7E3}"
EndProject
Project("{2150E333-8FDC-42A3-9474-1A3956D46DE8}") = "ThirdParty", "ThirdParty", "{96227FF8-DD5C-4E08-830A-3C730D75961D}"
EndProject
Project("{9A19103F-16F7-4668-BE54-9A1E7A4F7556}") = "DdsKtxXna.FNA.Core", "..\DdsKtxXna\DdsKtxXna\DdsKtxXna.FNA.Core.csproj", "{297D4410-CCAE-41AF-9B4F-201632A43B4E}"
EndProject
Project("{9A19103F-16F7-4668-BE54-9A1E7A4F7556}") = "Nursia.DynamicEffects.FNA.Core", "Nursia.DynamicEffects\Nursia.DynamicEffects.FNA.Core.csproj", "{643B68A9-508E-432D-88B2-0A9C727192A8}"
EndProject
Project("{9A19103F-16F7-4668-BE54-9A1E7A4F7556}") = "FNA.Core", "..\FNA\FNA.Core.csproj", "{21DC6538-6B41-4087-B323-9506FC353F6A}"
EndProject
Project("{9A19103F-16F7-4668-BE54-9A1E7A4F7556}") = "NursiaEditor.FNA.Core", "NursiaEditor\NursiaEditor.FNA.Core.csproj", "{F5CFD0C1-4B40-45B7-B941-406406C97DC0}"
EndProject
Project("{2150E333-8FDC-42A3-9474-1A3956D46DE8}") = "Samples", "Samples", "{DF255E87-4186-4E0B-92AA-BE29C5A835B8}"
EndProject
Project("{9A19103F-16F7-4668-BE54-9A1E7A4F7556}") = "SimpleScene.FNA.Core", "Samples\SimpleScene\SimpleScene.FNA.Core.csproj", "{A0D31287-8544-45C8-99E7-F7CDFF7087CC}"
EndProject
Project("{9A19103F-16F7-4668-BE54-9A1E7A4F7556}") = "ModelViewer.FNA.Core", "Samples\ModelViewer\ModelViewer.FNA.Core.csproj", "{86D9CABA-F86E-409C-908A-CF4F5ED2A01A}"
EndProject
Project("{9A19103F-16F7-4668-BE54-9A1E7A4F7556}") = "ThirdPerson.FNA.Core", "Samples\ThirdPerson\ThirdPerson.FNA.Core.csproj", "{7C62ED43-D35F-41C8-9300-3FA142607B3C}"
EndProject
Global
	GlobalSection(SolutionConfigurationPlatforms) = preSolution
		Debug|Any CPU = Debug|Any CPU
		Debug|x64 = Debug|x64
		Release|Any CPU = Release|Any CPU
		Release|x64 = Release|x64
	EndGlobalSection
	GlobalSection(ProjectConfigurationPlatforms) = postSolution
		{134585FE-954C-44A1-96CC-739E528E788D}.Debug|Any CPU.ActiveCfg = Debug|Any CPU
		{134585FE-954C-44A1-96CC-739E528E788D}.Debug|Any CPU.Build.0 = Debug|Any CPU
		{134585FE-954C-44A1-96CC-739E528E788D}.Debug|x64.ActiveCfg = Debug|Any CPU
		{134585FE-954C-44A1-96CC-739E528E788D}.Debug|x64.Build.0 = Debug|Any CPU
		{134585FE-954C-44A1-96CC-739E528E788D}.Release|Any CPU.ActiveCfg = Release|Any CPU
		{134585FE-954C-44A1-96CC-739E528E788D}.Release|Any CPU.Build.0 = Release|Any CPU
		{134585FE-954C-44A1-96CC-739E528E788D}.Release|x64.ActiveCfg = Release|Any CPU
		{134585FE-954C-44A1-96CC-739E528E788D}.Release|x64.Build.0 = Release|Any CPU
		{84611809-ACEC-4D88-814F-E9EFF8DF6459}.Debug|Any CPU.ActiveCfg = Debug|Any CPU
		{84611809-ACEC-4D88-814F-E9EFF8DF6459}.Debug|Any CPU.Build.0 = Debug|Any CPU
		{84611809-ACEC-4D88-814F-E9EFF8DF6459}.Debug|x64.ActiveCfg = Debug|Any CPU
		{84611809-ACEC-4D88-814F-E9EFF8DF6459}.Debug|x64.Build.0 = Debug|Any CPU
		{84611809-ACEC-4D88-814F-E9EFF8DF6459}.Release|Any CPU.ActiveCfg = Release|Any CPU
		{84611809-ACEC-4D88-814F-E9EFF8DF6459}.Release|Any CPU.Build.0 = Release|Any CPU
		{84611809-ACEC-4D88-814F-E9EFF8DF6459}.Release|x64.ActiveCfg = Release|Any CPU
		{84611809-ACEC-4D88-814F-E9EFF8DF6459}.Release|x64.Build.0 = Release|Any CPU
		{76F4A57C-7983-40E6-8307-F251EC0BBF3C}.Debug|Any CPU.ActiveCfg = Debug|Any CPU
		{76F4A57C-7983-40E6-8307-F251EC0BBF3C}.Debug|Any CPU.Build.0 = Debug|Any CPU
		{76F4A57C-7983-40E6-8307-F251EC0BBF3C}.Debug|x64.ActiveCfg = Debug|Any CPU
		{76F4A57C-7983-40E6-8307-F251EC0BBF3C}.Debug|x64.Build.0 = Debug|Any CPU
		{76F4A57C-7983-40E6-8307-F251EC0BBF3C}.Release|Any CPU.ActiveCfg = Release|Any CPU
		{76F4A57C-7983-40E6-8307-F251EC0BBF3C}.Release|Any CPU.Build.0 = Release|Any CPU
		{76F4A57C-7983-40E6-8307-F251EC0BBF3C}.Release|x64.ActiveCfg = Release|Any CPU
		{76F4A57C-7983-40E6-8307-F251EC0BBF3C}.Release|x64.Build.0 = Release|Any CPU
		{500DF567-1A03-4ADE-8BFF-818A5E2DC7E3}.Debug|Any CPU.ActiveCfg = Debug|Any CPU
		{500DF567-1A03-4ADE-8BFF-818A5E2DC7E3}.Debug|Any CPU.Build.0 = Debug|Any CPU
		{500DF567-1A03-4ADE-8BFF-818A5E2DC7E3}.Debug|x64.ActiveCfg = Debug|Any CPU
		{500DF567-1A03-4ADE-8BFF-818A5E2DC7E3}.Debug|x64.Build.0 = Debug|Any CPU
		{500DF567-1A03-4ADE-8BFF-818A5E2DC7E3}.Release|Any CPU.ActiveCfg = Release|Any CPU
		{500DF567-1A03-4ADE-8BFF-818A5E2DC7E3}.Release|Any CPU.Build.0 = Release|Any CPU
		{500DF567-1A03-4ADE-8BFF-818A5E2DC7E3}.Release|x64.ActiveCfg = Release|Any CPU
		{500DF567-1A03-4ADE-8BFF-818A5E2DC7E3}.Release|x64.Build.0 = Release|Any CPU
		{297D4410-CCAE-41AF-9B4F-201632A43B4E}.Debug|Any CPU.ActiveCfg = Debug|Any CPU
		{297D4410-CCAE-41AF-9B4F-201632A43B4E}.Debug|Any CPU.Build.0 = Debug|Any CPU
		{297D4410-CCAE-41AF-9B4F-201632A43B4E}.Debug|x64.ActiveCfg = Debug|Any CPU
		{297D4410-CCAE-41AF-9B4F-201632A43B4E}.Debug|x64.Build.0 = Debug|Any CPU
		{297D4410-CCAE-41AF-9B4F-201632A43B4E}.Release|Any CPU.ActiveCfg = Release|Any CPU
		{297D4410-CCAE-41AF-9B4F-201632A43B4E}.Release|Any CPU.Build.0 = Release|Any CPU
		{297D4410-CCAE-41AF-9B4F-201632A43B4E}.Release|x64.ActiveCfg = Release|Any CPU
		{297D4410-CCAE-41AF-9B4F-201632A43B4E}.Release|x64.Build.0 = Release|Any CPU
		{643B68A9-508E-432D-88B2-0A9C727192A8}.Debug|Any CPU.ActiveCfg = Debug|Any CPU
		{643B68A9-508E-432D-88B2-0A9C727192A8}.Debug|Any CPU.Build.0 = Debug|Any CPU
		{643B68A9-508E-432D-88B2-0A9C727192A8}.Debug|x64.ActiveCfg = Debug|Any CPU
		{643B68A9-508E-432D-88B2-0A9C727192A8}.Debug|x64.Build.0 = Debug|Any CPU
		{643B68A9-508E-432D-88B2-0A9C727192A8}.Release|Any CPU.ActiveCfg = Release|Any CPU
		{643B68A9-508E-432D-88B2-0A9C727192A8}.Release|Any CPU.Build.0 = Release|Any CPU
		{643B68A9-508E-432D-88B2-0A9C727192A8}.Release|x64.ActiveCfg = Release|Any CPU
		{643B68A9-508E-432D-88B2-0A9C727192A8}.Release|x64.Build.0 = Release|Any CPU
		{21DC6538-6B41-4087-B323-9506FC353F6A}.Debug|Any CPU.ActiveCfg = Debug|Any CPU
		{21DC6538-6B41-4087-B323-9506FC353F6A}.Debug|Any CPU.Build.0 = Debug|Any CPU
		{21DC6538-6B41-4087-B323-9506FC353F6A}.Debug|x64.ActiveCfg = Debug|Any CPU
		{21DC6538-6B41-4087-B323-9506FC353F6A}.Debug|x64.Build.0 = Debug|Any CPU
		{21DC6538-6B41-4087-B323-9506FC353F6A}.Release|Any CPU.ActiveCfg = Release|Any CPU
		{21DC6538-6B41-4087-B323-9506FC353F6A}.Release|Any CPU.Build.0 = Release|Any CPU
		{21DC6538-6B41-4087-B323-9506FC353F6A}.Release|x64.ActiveCfg = Release|Any CPU
		{21DC6538-6B41-4087-B323-9506FC353F6A}.Release|x64.Build.0 = Release|Any CPU
		{F5CFD0C1-4B40-45B7-B941-406406C97DC0}.Debug|Any CPU.ActiveCfg = Debug|Any CPU
		{F5CFD0C1-4B40-45B7-B941-406406C97DC0}.Debug|Any CPU.Build.0 = Debug|Any CPU
		{F5CFD0C1-4B40-45B7-B941-406406C97DC0}.Debug|x64.ActiveCfg = Debug|Any CPU
		{F5CFD0C1-4B40-45B7-B941-406406C97DC0}.Debug|x64.Build.0 = Debug|Any CPU
		{F5CFD0C1-4B40-45B7-B941-406406C97DC0}.Release|Any CPU.ActiveCfg = Release|Any CPU
		{F5CFD0C1-4B40-45B7-B941-406406C97DC0}.Release|Any CPU.Build.0 = Release|Any CPU
		{F5CFD0C1-4B40-45B7-B941-406406C97DC0}.Release|x64.ActiveCfg = Release|Any CPU
		{F5CFD0C1-4B40-45B7-B941-406406C97DC0}.Release|x64.Build.0 = Release|Any CPU
		{A0D31287-8544-45C8-99E7-F7CDFF7087CC}.Debug|Any CPU.ActiveCfg = Debug|Any CPU
		{A0D31287-8544-45C8-99E7-F7CDFF7087CC}.Debug|Any CPU.Build.0 = Debug|Any CPU
		{A0D31287-8544-45C8-99E7-F7CDFF7087CC}.Debug|x64.ActiveCfg = Debug|Any CPU
		{A0D31287-8544-45C8-99E7-F7CDFF7087CC}.Debug|x64.Build.0 = Debug|Any CPU
		{A0D31287-8544-45C8-99E7-F7CDFF7087CC}.Release|Any CPU.ActiveCfg = Release|Any CPU
		{A0D31287-8544-45C8-99E7-F7CDFF7087CC}.Release|Any CPU.Build.0 = Release|Any CPU
		{A0D31287-8544-45C8-99E7-F7CDFF7087CC}.Release|x64.ActiveCfg = Release|Any CPU
		{A0D31287-8544-45C8-99E7-F7CDFF7087CC}.Release|x64.Build.0 = Release|Any CPU
		{86D9CABA-F86E-409C-908A-CF4F5ED2A01A}.Debug|Any CPU.ActiveCfg = Debug|Any CPU
		{86D9CABA-F86E-409C-908A-CF4F5ED2A01A}.Debug|Any CPU.Build.0 = Debug|Any CPU
		{86D9CABA-F86E-409C-908A-CF4F5ED2A01A}.Debug|x64.ActiveCfg = Debug|Any CPU
		{86D9CABA-F86E-409C-908A-CF4F5ED2A01A}.Debug|x64.Build.0 = Debug|Any CPU
		{86D9CABA-F86E-409C-908A-CF4F5ED2A01A}.Release|Any CPU.ActiveCfg = Release|Any CPU
		{86D9CABA-F86E-409C-908A-CF4F5ED2A01A}.Release|Any CPU.Build.0 = Release|Any CPU
		{86D9CABA-F86E-409C-908A-CF4F5ED2A01A}.Release|x64.ActiveCfg = Release|Any CPU
		{86D9CABA-F86E-409C-908A-CF4F5ED2A01A}.Release|x64.Build.0 = Release|Any CPU
		{7C62ED43-D35F-41C8-9300-3FA142607B3C}.Debug|Any CPU.ActiveCfg = Debug|Any CPU
		{7C62ED43-D35F-41C8-9300-3FA142607B3C}.Debug|Any CPU.Build.0 = Debug|Any CPU
		{7C62ED43-D35F-41C8-9300-3FA142607B3C}.Debug|x64.ActiveCfg = Debug|Any CPU
		{7C62ED43-D35F-41C8-9300-3FA142607B3C}.Debug|x64.Build.0 = Debug|Any CPU
		{7C62ED43-D35F-41C8-9300-3FA142607B3C}.Release|Any CPU.ActiveCfg = Release|Any CPU
		{7C62ED43-D35F-41C8-9300-3FA142607B3C}.Release|Any CPU.Build.0 = Release|Any CPU
		{7C62ED43-D35F-41C8-9300-3FA142607B3C}.Release|x64.ActiveCfg = Release|Any CPU
		{7C62ED43-D35F-41C8-9300-3FA142607B3C}.Release|x64.Build.0 = Release|Any CPU
	EndGlobalSection
	GlobalSection(SolutionProperties) = preSolution
		HideSolutionNode = FALSE
	EndGlobalSection
	GlobalSection(NestedProjects) = preSolution
		{134585FE-954C-44A1-96CC-739E528E788D} = {96227FF8-DD5C-4E08-830A-3C730D75961D}
		{84611809-ACEC-4D88-814F-E9EFF8DF6459} = {96227FF8-DD5C-4E08-830A-3C730D75961D}
		{76F4A57C-7983-40E6-8307-F251EC0BBF3C} = {96227FF8-DD5C-4E08-830A-3C730D75961D}
		{297D4410-CCAE-41AF-9B4F-201632A43B4E} = {96227FF8-DD5C-4E08-830A-3C730D75961D}
		{21DC6538-6B41-4087-B323-9506FC353F6A} = {96227FF8-DD5C-4E08-830A-3C730D75961D}
		{A0D31287-8544-45C8-99E7-F7CDFF7087CC} = {DF255E87-4186-4E0B-92AA-BE29C5A835B8}
		{86D9CABA-F86E-409C-908A-CF4F5ED2A01A} = {DF255E87-4186-4E0B-92AA-BE29C5A835B8}
		{7C62ED43-D35F-41C8-9300-3FA142607B3C} = {DF255E87-4186-4E0B-92AA-BE29C5A835B8}
	EndGlobalSection
	GlobalSection(ExtensibilityGlobals) = postSolution
		SolutionGuid = {35ACDF4E-2CE2-46B1-A19F-35DC131069A1}
	EndGlobalSection
	GlobalSection(MonoDevelopProperties) = preSolution
		StartupItem = Myra.UIEditor\Myra.UIEditor.csproj
	EndGlobalSection
EndGlobal
